PODS:
  - Flutter (1.0.0)
  - flutter_p2p_engine (3.2.5):
    - Flutter
    - FlutterMacOS
    - SwarmCloudKit (= 3.2.5)
  - integration_test (0.0.1):
    - Flutter
  - path_provider_foundation (0.0.1):
    - Flutter
    - FlutterMacOS
  - SwarmCloudKit (3.2.5)
  - video_player_avfoundation (0.0.1):
    - Flutter
    - FlutterMacOS

DEPENDENCIES:
  - Flutter (from `Flutter`)
  - flutter_p2p_engine (from `.symlinks/plugins/flutter_p2p_engine/darwin`)
  - integration_test (from `.symlinks/plugins/integration_test/ios`)
  - path_provider_foundation (from `.symlinks/plugins/path_provider_foundation/darwin`)
  - video_player_avfoundation (from `.symlinks/plugins/video_player_avfoundation/darwin`)

SPEC REPOS:
  trunk:
    - SwarmCloudKit

EXTERNAL SOURCES:
  Flutter:
    :path: Flutter
  flutter_p2p_engine:
    :path: ".symlinks/plugins/flutter_p2p_engine/darwin"
  integration_test:
    :path: ".symlinks/plugins/integration_test/ios"
  path_provider_foundation:
    :path: ".symlinks/plugins/path_provider_foundation/darwin"
  video_player_avfoundation:
    :path: ".symlinks/plugins/video_player_avfoundation/darwin"

SPEC CHECKSUMS:
  Flutter: e0871f40cf51350855a761d2e70bf5af5b9b5de7
  flutter_p2p_engine: 1276c2ca91cc75c3b4cf9da6787498c43126ac59
  integration_test: ce0a3ffa1de96d1a89ca0ac26fca7ea18a749ef4
  path_provider_foundation: 2b6b4c569c0fb62ec74538f866245ac84301af46
  SwarmCloudKit: e73eb9e0de2cd02ac464d9cacc681400ab1f3752
  video_player_avfoundation: 7c6c11d8470e1675df7397027218274b6d2360b3

PODFILE CHECKSUM: a57f30d18f102dd3ce366b1d62a55ecbef2158e5

COCOAPODS: 1.14.3
