PODS:
  - cdnbye (0.0.1):
    - CDNByeSDK (~> 1.0.0)
    - Flutter
  - CDNByeSDK (1.0.0):
    - CocoaAsyncSocket (~> 7.6)
    - CocoaLumberjack (~> 3.5)
    - GCDWebServer (~> 3.5)
    - GoogleWebRTC (~> 1.1)
    - SocketRocket (~> 0.5)
    - YYCache (~> 1.0)
  - CocoaAsyncSocket (7.6.4)
  - CocoaLumberjack (3.6.1):
    - CocoaLumberjack/Core (= 3.6.1)
  - CocoaLumberjack/Core (3.6.1)
  - Flutter (1.0.0)
  - GCDWebServer (3.5.3):
    - GCDWebServer/Core (= 3.5.3)
  - GCDWebServer/Core (3.5.3)
  - GoogleWebRTC (1.1.29400)
  - SocketRocket (0.5.1)
  - video_player (0.0.1):
    - Flutter
  - video_player_web (0.0.1):
    - Flutter
  - YYCache (1.0.4)

DEPENDENCIES:
  - cdnbye (from `.symlinks/plugins/cdnbye/ios`)
  - Flutter (from `.symlinks/flutter/ios`)
  - video_player (from `.symlinks/plugins/video_player/ios`)
  - video_player_web (from `.symlinks/plugins/video_player_web/ios`)

SPEC REPOS:
  https://github.com/cocoapods/specs.git:
    - CDNByeSDK
    - CocoaAsyncSocket
    - CocoaLumberjack
    - GCDWebServer
    - GoogleWebRTC
    - SocketRocket
    - YYCache

EXTERNAL SOURCES:
  cdnbye:
    :path: ".symlinks/plugins/cdnbye/ios"
  Flutter:
    :path: ".symlinks/flutter/ios"
  video_player:
    :path: ".symlinks/plugins/video_player/ios"
  video_player_web:
    :path: ".symlinks/plugins/video_player_web/ios"

SPEC CHECKSUMS:
  cdnbye: d9c85ca4ccb4d54e2bbcb230e8dbc0a800a732a4
  CDNByeSDK: d159f49ce4b1f17205803fbea03cb019513649a9
  CocoaAsyncSocket: 694058e7c0ed05a9e217d1b3c7ded962f4180845
  CocoaLumberjack: b17ae15142558d08bbacf69775fa10c4abbebcc9
  Flutter: 0e3d915762c693b495b44d77113d4970485de6ec
  GCDWebServer: c0ab22c73e1b84f358d1e2f74bf6afd1c60829f2
  GoogleWebRTC: cfb83bc346435a17fe06bb05f04ad826b858a7fb
  SocketRocket: d57c7159b83c3c6655745cd15302aa24b6bae531
  video_player: 69c5f029fac4ffe4fc8a85ea7f7b793709661549
  video_player_web: da8cadb8274ed4f8dbee8d7171b420dedd437ce7
  YYCache: 8105b6638f5e849296c71f331ff83891a4942952

PODFILE CHECKSUM: e9e6b2d1b4659eb7ca9c31439eb8716d7d418981

COCOAPODS: 1.7.1
