PODS:
  - datachannel-iOS (1.0.211)
  - flutter_p2p_engine (0.0.1):
    - Flutter
    - FlutterMacOS
    - P2pEngine-iOS (= 3.2.1)
  - FlutterMacOS (1.0.0)
  - P2pEngine-iOS (3.2.1):
    - datachannel-iOS (= 1.0.211)
  - path_provider_foundation (0.0.1):
    - Flutter
    - FlutterMacOS
  - video_player_avfoundation (0.0.1):
    - Flutter
    - FlutterMacOS

DEPENDENCIES:
  - flutter_p2p_engine (from `Flutter/ephemeral/.symlinks/plugins/flutter_p2p_engine/darwin`)
  - FlutterMacOS (from `Flutter/ephemeral`)
  - path_provider_foundation (from `Flutter/ephemeral/.symlinks/plugins/path_provider_foundation/darwin`)
  - video_player_avfoundation (from `Flutter/ephemeral/.symlinks/plugins/video_player_avfoundation/darwin`)

SPEC REPOS:
  trunk:
    - datachannel-iOS
    - P2pEngine-iOS

EXTERNAL SOURCES:
  flutter_p2p_engine:
    :path: Flutter/ephemeral/.symlinks/plugins/flutter_p2p_engine/darwin
  FlutterMacOS:
    :path: Flutter/ephemeral
  path_provider_foundation:
    :path: Flutter/ephemeral/.symlinks/plugins/path_provider_foundation/darwin
  video_player_avfoundation:
    :path: Flutter/ephemeral/.symlinks/plugins/video_player_avfoundation/darwin

SPEC CHECKSUMS:
  datachannel-iOS: a108f5442aae3bb9819505e107d9b1cbf4b2caa5
  flutter_p2p_engine: fcd6c0025b50664d0ee47f154b61899304d8ee6d
  FlutterMacOS: 8f6f14fa908a6fb3fba0cd85dbd81ec4b251fb24
  P2pEngine-iOS: f8bbdc978746c5dfcf4fb9391c531204a325328c
  path_provider_foundation: 2b6b4c569c0fb62ec74538f866245ac84301af46
  video_player_avfoundation: 7c6c11d8470e1675df7397027218274b6d2360b3

PODFILE CHECKSUM: 9ebaf0ce3d369aaa26a9ea0e159195ed94724cf3

COCOAPODS: 1.14.3
