PODS:
  - flutter_p2p_engine (3.2.5):
    - Flutter
    - FlutterMacOS
    - SwarmCloudKit (= 3.2.5)
  - FlutterMacOS (1.0.0)
  - path_provider_foundation (0.0.1):
    - Flutter
    - FlutterMacOS
  - SwarmCloudKit (3.2.5)
  - video_player_avfoundation (0.0.1):
    - Flutter
    - FlutterMacOS

DEPENDENCIES:
  - flutter_p2p_engine (from `Flutter/ephemeral/.symlinks/plugins/flutter_p2p_engine/darwin`)
  - FlutterMacOS (from `Flutter/ephemeral`)
  - path_provider_foundation (from `Flutter/ephemeral/.symlinks/plugins/path_provider_foundation/darwin`)
  - video_player_avfoundation (from `Flutter/ephemeral/.symlinks/plugins/video_player_avfoundation/darwin`)

SPEC REPOS:
  trunk:
    - SwarmCloudKit

EXTERNAL SOURCES:
  flutter_p2p_engine:
    :path: Flutter/ephemeral/.symlinks/plugins/flutter_p2p_engine/darwin
  FlutterMacOS:
    :path: Flutter/ephemeral
  path_provider_foundation:
    :path: Flutter/ephemeral/.symlinks/plugins/path_provider_foundation/darwin
  video_player_avfoundation:
    :path: Flutter/ephemeral/.symlinks/plugins/video_player_avfoundation/darwin

SPEC CHECKSUMS:
  flutter_p2p_engine: 1276c2ca91cc75c3b4cf9da6787498c43126ac59
  FlutterMacOS: 8f6f14fa908a6fb3fba0cd85dbd81ec4b251fb24
  path_provider_foundation: 2b6b4c569c0fb62ec74538f866245ac84301af46
  SwarmCloudKit: e73eb9e0de2cd02ac464d9cacc681400ab1f3752
  video_player_avfoundation: 7c6c11d8470e1675df7397027218274b6d2360b3

PODFILE CHECKSUM: 9ebaf0ce3d369aaa26a9ea0e159195ed94724cf3

COCOAPODS: 1.14.3
